
Microsoft Visual Studio Solution File, Format Version 12.00
# Visual Studio Version 16
VisualStudioVersion = 16.0.31105.61
MinimumVisualStudioVersion = 10.0.40219.1
Project("{FAE04EC0-301F-11D3-BF4B-00C04F79EFBC}") = "Trabalho 02", "Trabalho 02.csproj", "{BBB0B264-56AE-4A5D-B175-71D2C7D9C8A9}"
EndProject
Global
	GlobalSection(SolutionConfigurationPlatforms) = preSolution
		Debug|Any CPU = Debug|Any CPU
		Release|Any CPU = Release|Any CPU
	EndGlobalSection
	GlobalSection(ProjectConfigurationPlatforms) = postSolution
		{BBB0B264-56AE-4A5D-B175-71D2C7D9C8A9}.Debug|Any CPU.ActiveCfg = Debug|Any CPU
		{BBB0B264-56AE-4A5D-B175-71D2C7D9C8A9}.Debug|Any CPU.Build.0 = Debug|Any CPU
		{BBB0B264-56AE-4A5D-B175-71D2C7D9C8A9}.Release|Any CPU.ActiveCfg = Release|Any CPU
		{BBB0B264-56AE-4A5D-B175-71D2C7D9C8A9}.Release|Any CPU.Build.0 = Release|Any CPU
	EndGlobalSection
	GlobalSection(SolutionProperties) = preSolution
		HideSolutionNode = FALSE
	EndGlobalSection
	GlobalSection(ExtensibilityGlobals) = postSolution
		SolutionGuid = {A7E91A99-F772-4DF8-BFCC-996FA9C23137}
	EndGlobalSection
EndGlobal
